// !$*UTF8*$!
{
	archiveVersion = 1;
	classes = {
	};
	objectVersion = 46;
	objects = {

/* Begin PBXBuildFile section */
		FD0F37BF1F2E651F00CC6613 /* PlaySoundsViewController.swift in Sources */ = {isa = PBXBuildFile; fileRef = FD0F37BE1F2E651F00CC6613 /* PlaySoundsViewController.swift */; };
		FDD947F51F2F31740053BFD8 /* playsoundsviewcontroller-audio.swift in Sources */ = {isa = PBXBuildFile; fileRef = FDD947F41F2F31740053BFD8 /* playsoundsviewcontroller-audio.swift */; };
		FDDF66731F2C5BD9003F44E4 /* AppDelegate.swift in Sources */ = {isa = PBXBuildFile; fileRef = FDDF66721F2C5BD9003F44E4 /* AppDelegate.swift */; };
		FDDF66751F2C5BD9003F44E4 /* FirstViewController.swift in Sources */ = {isa = PBXBuildFile; fileRef = FDDF66741F2C5BD9003F44E4 /* FirstViewController.swift */; };
		FDDF66781F2C5BD9003F44E4 /* Main.storyboard in Resources */ = {isa = PBXBuildFile; fileRef = FDDF66761F2C5BD9003F44E4 /* Main.storyboard */; };
		FDDF667A1F2C5BD9003F44E4 /* Assets.xcassets in Resources */ = {isa = PBXBuildFile; fileRef = FDDF66791F2C5BD9003F44E4 /* Assets.xcassets */; };
		FDDF667D1F2C5BDA003F44E4 /* LaunchScreen.storyboard in Resources */ = {isa = PBXBuildFile; fileRef = FDDF667B1F2C5BDA003F44E4 /* LaunchScreen.storyboard */; };
		FDDF66851F2C68DC003F44E4 /* StartRecordingViewController.swift in Sources */ = {isa = PBXBuildFile; fileRef = FDDF66841F2C68DC003F44E4 /* StartRecordingViewController.swift */; };
/* End PBXBuildFile section */

/* Begin PBXFileReference section */
		FD0F37BE1F2E651F00CC6613 /* PlaySoundsViewController.swift */ = {isa = PBXFileReference; fileEncoding = 4; lastKnownFileType = sourcecode.swift; path = PlaySoundsViewController.swift; sourceTree = "<group>"; };
		FDD947F41F2F31740053BFD8 /* playsoundsviewcontroller-audio.swift */ = {isa = PBXFileReference; fileEncoding = 4; lastKnownFileType = sourcecode.swift; path = "playsoundsviewcontroller-audio.swift"; sourceTree = "<group>"; };
		FDDF666F1F2C5BD9003F44E4 /* PlayAroundWithCode.app */ = {isa = PBXFileReference; explicitFileType = wrapper.application; includeInIndex = 0; path = PlayAroundWithCode.app; sourceTree = BUILT_PRODUCTS_DIR; };
		FDDF66721F2C5BD9003F44E4 /* AppDelegate.swift */ = {isa = PBXFileReference; lastKnownFileType = sourcecode.swift; path = AppDelegate.swift; sourceTree = "<group>"; };
		FDDF66741F2C5BD9003F44E4 /* FirstViewController.swift */ = {isa = PBXFileReference; lastKnownFileType = sourcecode.swift; path = FirstViewController.swift; sourceTree = "<group>"; };
		FDDF66771F2C5BD9003F44E4 /* Base */ = {isa = PBXFileReference; lastKnownFileType = file.storyboard; name = Base; path = Base.lproj/Main.storyboard; sourceTree = "<group>"; };
		FDDF66791F2C5BD9003F44E4 /* Assets.xcassets */ = {isa = PBXFileReference; lastKnownFileType = folder.assetcatalog; path = Assets.xcassets; sourceTree = "<group>"; };
		FDDF667C1F2C5BDA003F44E4 /* Base */ = {isa = PBXFileReference; lastKnownFileType = file.storyboard; name = Base; path = Base.lproj/LaunchScreen.storyboard; sourceTree = "<group>"; };
		FDDF667E1F2C5BDA003F44E4 /* Info.plist */ = {isa = PBXFileReference; lastKnownFileType = text.plist.xml; path = Info.plist; sourceTree = "<group>"; };
		FDDF66841F2C68DC003F44E4 /* StartRecordingViewController.swift */ = {isa = PBXFileReference; fileEncoding = 4; lastKnownFileType = sourcecode.swift; path = StartRecordingViewController.swift; sourceTree = "<group>"; };
/* End PBXFileReference section */

/* Begin PBXFrameworksBuildPhase section */
		FDDF666C1F2C5BD9003F44E4 /* Frameworks */ = {
			isa = PBXFrameworksBuildPhase;
			buildActionMask = 2147483647;
			files = (
			);
			runOnlyForDeploymentPostprocessing = 0;
		};
/* End PBXFrameworksBuildPhase section */

/* Begin PBXGroup section */
		FDDF66661F2C5BD9003F44E4 = {
			isa = PBXGroup;
			children = (
				FDDF66711F2C5BD9003F44E4 /* PlayAroundWithCode */,
				FDDF66701F2C5BD9003F44E4 /* Products */,
			);
			sourceTree = "<group>";
		};
		FDDF66701F2C5BD9003F44E4 /* Products */ = {
			isa = PBXGroup;
			children = (
				FDDF666F1F2C5BD9003F44E4 /* PlayAroundWithCode.app */,
			);
			name = Products;
			sourceTree = "<group>";
		};
		FDDF66711F2C5BD9003F44E4 /* PlayAroundWithCode */ = {
			isa = PBXGroup;
			children = (
				FDDF66721F2C5BD9003F44E4 /* AppDelegate.swift */,
				FDDF66741F2C5BD9003F44E4 /* FirstViewController.swift */,
				FDDF66841F2C68DC003F44E4 /* StartRecordingViewController.swift */,
				FD0F37BE1F2E651F00CC6613 /* PlaySoundsViewController.swift */,
				FDD947F41F2F31740053BFD8 /* playsoundsviewcontroller-audio.swift */,
				FDDF66761F2C5BD9003F44E4 /* Main.storyboard */,
				FDDF66791F2C5BD9003F44E4 /* Assets.xcassets */,
				FDDF667B1F2C5BDA003F44E4 /* LaunchScreen.storyboard */,
				FDDF667E1F2C5BDA003F44E4 /* Info.plist */,
			);
			path = PlayAroundWithCode;
			sourceTree = "<group>";
		};
/* End PBXGroup section */

/* Begin PBXNativeTarget section */
		FDDF666E1F2C5BD9003F44E4 /* PlayAroundWithCode */ = {
			isa = PBXNativeTarget;
			buildConfigurationList = FDDF66811F2C5BDA003F44E4 /* Build configuration list for PBXNativeTarget "PlayAroundWithCode" */;
			buildPhases = (
				FDDF666B1F2C5BD9003F44E4 /* Sources */,
				FDDF666C1F2C5BD9003F44E4 /* Frameworks */,
				FDDF666D1F2C5BD9003F44E4 /* Resources */,
			);
			buildRules = (
			);
			dependencies = (
			);
			name = PlayAroundWithCode;
			productName = PlayAroundWithCode;
			productReference = FDDF666F1F2C5BD9003F44E4 /* PlayAroundWithCode.app */;
			productType = "com.apple.product-type.application";
		};
/* End PBXNativeTarget section */

/* Begin PBXProject section */
		FDDF66671F2C5BD9003F44E4 /* Project object */ = {
			isa = PBXProject;
			attributes = {
				LastSwiftUpdateCheck = 0830;
				LastUpgradeCheck = 0830;
				ORGANIZATIONNAME = Udacity;
				TargetAttributes = {
					FDDF666E1F2C5BD9003F44E4 = {
						CreatedOnToolsVersion = 8.3.3;
						DevelopmentTeam = RMAU8M84J7;
						ProvisioningStyle = Automatic;
					};
				};
			};
			buildConfigurationList = FDDF666A1F2C5BD9003F44E4 /* Build configuration list for PBXProject "PlayAroundWithCode" */;
			compatibilityVersion = "Xcode 3.2";
			developmentRegion = English;
			hasScannedForEncodings = 0;
			knownRegions = (
				en,
				Base,
			);
			mainGroup = FDDF66661F2C5BD9003F44E4;
			productRefGroup = FDDF66701F2C5BD9003F44E4 /* Products */;
			projectDirPath = "";
			projectRoot = "";
			targets = (
				FDDF666E1F2C5BD9003F44E4 /* PlayAroundWithCode */,
			);
		};
/* End PBXProject section */

/* Begin PBXResourcesBuildPhase section */
		FDDF666D1F2C5BD9003F44E4 /* Resources */ = {
			isa = PBXResourcesBuildPhase;
			buildActionMask = 2147483647;
			files = (
				FDDF667D1F2C5BDA003F44E4 /* LaunchScreen.storyboard in Resources */,
				FDDF667A1F2C5BD9003F44E4 /* Assets.xcassets in Resources */,
				FDDF66781F2C5BD9003F44E4 /* Main.storyboard in Resources */,
			);
			runOnlyForDeploymentPostprocessing = 0;
		};
/* End PBXResourcesBuildPhase section */

/* Begin PBXSourcesBuildPhase section */
		FDDF666B1F2C5BD9003F44E4 /* Sources */ = {
			isa = PBXSourcesBuildPhase;
			buildActionMask = 2147483647;
			files = (
				FDDF66751F2C5BD9003F44E4 /* FirstViewController.swift in Sources */,
				FDD947F51F2F31740053BFD8 /* playsoundsviewcontroller-audio.swift in Sources */,
				FDDF66851F2C68DC003F44E4 /* StartRecordingViewController.swift in Sources */,
				FD0F37BF1F2E651F00CC6613 /* PlaySoundsViewController.swift in Sources */,
				FDDF66731F2C5BD9003F44E4 /* AppDelegate.swift in Sources */,
			);
			runOnlyForDeploymentPostprocessing = 0;
		};
/* End PBXSourcesBuildPhase section */

/* Begin PBXVariantGroup section */
		FDDF66761F2C5BD9003F44E4 /* Main.storyboard */ = {
			isa = PBXVariantGroup;
			children = (
				FDDF66771F2C5BD9003F44E4 /* Base */,
			);
			name = Main.storyboard;
			sourceTree = "<group>";
		};
		FDDF667B1F2C5BDA003F44E4 /* LaunchScreen.storyboard */ = {
			isa = PBXVariantGroup;
			children = (
				FDDF667C1F2C5BDA003F44E4 /* Base */,
			);
			name = LaunchScreen.storyboard;
			sourceTree = "<group>";
		};
/* End PBXVariantGroup section */

/* Begin XCBuildConfiguration section */
		FDDF667F1F2C5BDA003F44E4 /* Debug */ = {
			isa = XCBuildConfiguration;
			buildSettings = {
				ALWAYS_SEARCH_USER_PATHS = NO;
				CLANG_ANALYZER_NONNULL = YES;
				CLANG_ANALYZER_NUMBER_OBJECT_CONVERSION = YES_AGGRESSIVE;
				CLANG_CXX_LANGUAGE_STANDARD = "gnu++0x";
				CLANG_CXX_LIBRARY = "libc++";
				CLANG_ENABLE_MODULES = YES;
				CLANG_ENABLE_OBJC_ARC = YES;
				CLANG_WARN_BOOL_CONVERSION = YES;
				CLANG_WARN_CONSTANT_CONVERSION = YES;
				CLANG_WARN_DIRECT_OBJC_ISA_USAGE = YES_ERROR;
				CLANG_WARN_DOCUMENTATION_COMMENTS = YES;
				CLANG_WARN_EMPTY_BODY = YES;
				CLANG_WARN_ENUM_CONVERSION = YES;
				CLANG_WARN_INFINITE_RECURSION = YES;
				CLANG_WARN_INT_CONVERSION = YES;
				CLANG_WARN_OBJC_ROOT_CLASS = YES_ERROR;
				CLANG_WARN_SUSPICIOUS_MOVE = YES;
				CLANG_WARN_UNREACHABLE_CODE = YES;
				CLANG_WARN__DUPLICATE_METHOD_MATCH = YES;
				"CODE_SIGN_IDENTITY[sdk=iphoneos*]" = "iPhone Developer";
				COPY_PHASE_STRIP = NO;
				DEBUG_INFORMATION_FORMAT = dwarf;
				ENABLE_STRICT_OBJC_MSGSEND = YES;
				ENABLE_TESTABILITY = YES;
				GCC_C_LANGUAGE_STANDARD = gnu99;
				GCC_DYNAMIC_NO_PIC = NO;
				GCC_NO_COMMON_BLOCKS = YES;
				GCC_OPTIMIZATION_LEVEL = 0;
				GCC_PREPROCESSOR_DEFINITIONS = (
					"DEBUG=1",
					"$(inherited)",
				);
				GCC_WARN_64_TO_32_BIT_CONVERSION = YES;
				GCC_WARN_ABOUT_RETURN_TYPE = YES_ERROR;
				GCC_WARN_UNDECLARED_SELECTOR = YES;
				GCC_WARN_UNINITIALIZED_AUTOS = YES_AGGRESSIVE;
				GCC_WARN_UNUSED_FUNCTION = YES;
				GCC_WARN_UNUSED_VARIABLE = YES;
				IPHONEOS_DEPLOYMENT_TARGET = 10.3;
				MTL_ENABLE_DEBUG_INFO = YES;
				ONLY_ACTIVE_ARCH = YES;
				SDKROOT = iphoneos;
				SWIFT_ACTIVE_COMPILATION_CONDITIONS = DEBUG;
				SWIFT_OPTIMIZATION_LEVEL = "-Onone";
				TARGETED_DEVICE_FAMILY = "1,2";
			};
			name = Debug;
		};
		FDDF66801F2C5BDA003F44E4 /* Release */ = {
			isa = XCBuildConfiguration;
			buildSettings = {
				ALWAYS_SEARCH_USER_PATHS = NO;
				CLANG_ANALYZER_NONNULL = YES;
				CLANG_ANALYZER_NUMBER_OBJECT_CONVERSION = YES_AGGRESSIVE;
				CLANG_CXX_LANGUAGE_STANDARD = "gnu++0x";
				CLANG_CXX_LIBRARY = "libc++";
				CLANG_ENABLE_MODULES = YES;
				CLANG_ENABLE_OBJC_ARC = YES;
				CLANG_WARN_BOOL_CONVERSION = YES;
				CLANG_WARN_CONSTANT_CONVERSION = YES;
				CLANG_WARN_DIRECT_OBJC_ISA_USAGE = YES_ERROR;
				CLANG_WARN_DOCUMENTATION_COMMENTS = YES;
				CLANG_WARN_EMPTY_BODY = YES;
				CLANG_WARN_ENUM_CONVERSION = YES;
				CLANG_WARN_INFINITE_RECURSION = YES;
				CLANG_WARN_INT_CONVERSION = YES;
				CLANG_WARN_OBJC_ROOT_CLASS = YES_ERROR;
				CLANG_WARN_SUSPICIOUS_MOVE = YES;
				CLANG_WARN_UNREACHABLE_CODE = YES;
				CLANG_WARN__DUPLICATE_METHOD_MATCH = YES;
				"CODE_SIGN_IDENTITY[sdk=iphoneos*]" = "iPhone Developer";
				COPY_PHASE_STRIP = NO;
				DEBUG_INFORMATION_FORMAT = "dwarf-with-dsym";
				ENABLE_NS_ASSERTIONS = NO;
				ENABLE_STRICT_OBJC_MSGSEND = YES;
				GCC_C_LANGUAGE_STANDARD = gnu99;
				GCC_NO_COMMON_BLOCKS = YES;
				GCC_WARN_64_TO_32_BIT_CONVERSION = YES;
				GCC_WARN_ABOUT_RETURN_TYPE = YES_ERROR;
				GCC_WARN_UNDECLARED_SELECTOR = YES;
				GCC_WARN_UNINITIALIZED_AUTOS = YES_AGGRESSIVE;
				GCC_WARN_UNUSED_FUNCTION = YES;
				GCC_WARN_UNUSED_VARIABLE = YES;
				IPHONEOS_DEPLOYMENT_TARGET = 10.3;
				MTL_ENABLE_DEBUG_INFO = NO;
				SDKROOT = iphoneos;
				SWIFT_OPTIMIZATION_LEVEL = "-Owholemodule";
				TARGETED_DEVICE_FAMILY = "1,2";
				VALIDATE_PRODUCT = YES;
			};
			name = Release;
		};
		FDDF66821F2C5BDA003F44E4 /* Debug */ = {
			isa = XCBuildConfiguration;
			buildSettings = {
				ASSETCATALOG_COMPILER_APPICON_NAME = AppIcon;
				DEVELOPMENT_TEAM = RMAU8M84J7;
				INFOPLIST_FILE = PlayAroundWithCode/Info.plist;
				LD_RUNPATH_SEARCH_PATHS = "$(inherited) @executable_path/Frameworks";
				PRODUCT_BUNDLE_IDENTIFIER = kimrants.PlayAroundWithCode;
				PRODUCT_NAME = "$(TARGET_NAME)";
				SWIFT_VERSION = 3.0;
			};
			name = Debug;
		};
		FDDF66831F2C5BDA003F44E4 /* Release */ = {
			isa = XCBuildConfiguration;
			buildSettings = {
				ASSETCATALOG_COMPILER_APPICON_NAME = AppIcon;
				DEVELOPMENT_TEAM = RMAU8M84J7;
				INFOPLIST_FILE = PlayAroundWithCode/Info.plist;
				LD_RUNPATH_SEARCH_PATHS = "$(inherited) @executable_path/Frameworks";
				PRODUCT_BUNDLE_IDENTIFIER = kimrants.PlayAroundWithCode;
				PRODUCT_NAME = "$(TARGET_NAME)";
				SWIFT_VERSION = 3.0;
			};
			name = Release;
		};
/* End XCBuildConfiguration section */

/* Begin XCConfigurationList section */
		FDDF666A1F2C5BD9003F44E4 /* Build configuration list for PBXProject "PlayAroundWithCode" */ = {
			isa = XCConfigurationList;
			buildConfigurations = (
				FDDF667F1F2C5BDA003F44E4 /* Debug */,
				FDDF66801F2C5BDA003F44E4 /* Release */,
			);
			defaultConfigurationIsVisible = 0;
			defaultConfigurationName = Release;
		};
		FDDF66811F2C5BDA003F44E4 /* Build configuration list for PBXNativeTarget "PlayAroundWithCode" */ = {
			isa = XCConfigurationList;
			buildConfigurations = (
				FDDF66821F2C5BDA003F44E4 /* Debug */,
				FDDF66831F2C5BDA003F44E4 /* Release */,
			);
			defaultConfigurationIsVisible = 0;
			defaultConfigurationName = Release;
		};
/* End XCConfigurationList section */
	};
	rootObject = FDDF66671F2C5BD9003F44E4 /* Project object */;
}
